// !$*UTF8*$!
{
	archiveVersion = 1;
	classes = {
	};
	objectVersion = 46;
	objects = {

/* Begin PBXBuildFile section */
		1EE916D01CA8745900AE3EA2 /* AppDelegate.swift in Sources */ = {isa = PBXBuildFile; fileRef = 1EE916CF1CA8745900AE3EA2 /* AppDelegate.swift */; };
		1EE916D21CA8745900AE3EA2 /* ViewController.swift in Sources */ = {isa = PBXBuildFile; fileRef = 1EE916D11CA8745900AE3EA2 /* ViewController.swift */; };
		1EE916D51CA8745900AE3EA2 /* Main.storyboard in Resources */ = {isa = PBXBuildFile; fileRef = 1EE916D31CA8745900AE3EA2 /* Main.storyboard */; };
		1EE916D71CA8745900AE3EA2 /* Assets.xcassets in Resources */ = {isa = PBXBuildFile; fileRef = 1EE916D61CA8745900AE3EA2 /* Assets.xcassets */; };
		1EE916DA1CA8745900AE3EA2 /* LaunchScreen.storyboard in Resources */ = {isa = PBXBuildFile; fileRef = 1EE916D81CA8745900AE3EA2 /* LaunchScreen.storyboard */; };
/* End PBXBuildFile section */

/* Begin PBXFileReference section */
		1EE916CC1CA8745900AE3EA2 /* Short Straw.app */ = {isa = PBXFileReference; explicitFileType = wrapper.application; includeInIndex = 0; path = "Short Straw.app"; sourceTree = BUILT_PRODUCTS_DIR; };
		1EE916CF1CA8745900AE3EA2 /* AppDelegate.swift */ = {isa = PBXFileReference; lastKnownFileType = sourcecode.swift; path = AppDelegate.swift; sourceTree = "<group>"; };
		1EE916D11CA8745900AE3EA2 /* ViewController.swift */ = {isa = PBXFileReference; lastKnownFileType = sourcecode.swift; path = ViewController.swift; sourceTree = "<group>"; };
		1EE916D41CA8745900AE3EA2 /* Base */ = {isa = PBXFileReference; lastKnownFileType = file.storyboard; name = Base; path = Base.lproj/Main.storyboard; sourceTree = "<group>"; };
		1EE916D61CA8745900AE3EA2 /* Assets.xcassets */ = {isa = PBXFileReference; lastKnownFileType = folder.assetcatalog; path = Assets.xcassets; sourceTree = "<group>"; };
		1EE916D91CA8745900AE3EA2 /* Base */ = {isa = PBXFileReference; lastKnownFileType = file.storyboard; name = Base; path = Base.lproj/LaunchScreen.storyboard; sourceTree = "<group>"; };
		1EE916DB1CA8745900AE3EA2 /* Info.plist */ = {isa = PBXFileReference; lastKnownFileType = text.plist.xml; path = Info.plist; sourceTree = "<group>"; };
/* End PBXFileReference section */

/* Begin PBXFrameworksBuildPhase section */
		1EE916C91CA8745900AE3EA2 /* Frameworks */ = {
			isa = PBXFrameworksBuildPhase;
			buildActionMask = 2147483647;
			files = (
			);
			runOnlyForDeploymentPostprocessing = 0;
		};
/* End PBXFrameworksBuildPhase section */

/* Begin PBXGroup section */
		1EE916C31CA8745900AE3EA2 = {
			isa = PBXGroup;
			children = (
				1EE916CE1CA8745900AE3EA2 /* Short Straw */,
				1EE916CD1CA8745900AE3EA2 /* Products */,
			);
			sourceTree = "<group>";
		};
		1EE916CD1CA8745900AE3EA2 /* Products */ = {
			isa = PBXGroup;
			children = (
				1EE916CC1CA8745900AE3EA2 /* Short Straw.app */,
			);
			name = Products;
			sourceTree = "<group>";
		};
		1EE916CE1CA8745900AE3EA2 /* Short Straw */ = {
			isa = PBXGroup;
			children = (
				1EE916CF1CA8745900AE3EA2 /* AppDelegate.swift */,
				1EE916D11CA8745900AE3EA2 /* ViewController.swift */,
				1EE916D31CA8745900AE3EA2 /* Main.storyboard */,
				1EE916D61CA8745900AE3EA2 /* Assets.xcassets */,
				1EE916D81CA8745900AE3EA2 /* LaunchScreen.storyboard */,
				1EE916DB1CA8745900AE3EA2 /* Info.plist */,
			);
			path = "Short Straw";
			sourceTree = "<group>";
		};
/* End PBXGroup section */

/* Begin PBXNativeTarget section */
		1EE916CB1CA8745900AE3EA2 /* Short Straw */ = {
			isa = PBXNativeTarget;
			buildConfigurationList = 1EE916DE1CA8745900AE3EA2 /* Build configuration list for PBXNativeTarget "Short Straw" */;
			buildPhases = (
				1EE916C81CA8745900AE3EA2 /* Sources */,
				1EE916C91CA8745900AE3EA2 /* Frameworks */,
				1EE916CA1CA8745900AE3EA2 /* Resources */,
			);
			buildRules = (
			);
			dependencies = (
			);
			name = "Short Straw";
			productName = "Short Straw";
			productReference = 1EE916CC1CA8745900AE3EA2 /* Short Straw.app */;
			productType = "com.apple.product-type.application";
		};
/* End PBXNativeTarget section */

/* Begin PBXProject section */
		1EE916C41CA8745900AE3EA2 /* Project object */ = {
			isa = PBXProject;
			attributes = {
				LastSwiftUpdateCheck = 0730;
				LastUpgradeCheck = 0730;
				ORGANIZATIONNAME = "Cooper Whitlow";
				TargetAttributes = {
					1EE916CB1CA8745900AE3EA2 = {
						CreatedOnToolsVersion = 7.3;
						DevelopmentTeam = 78QN399MNP;
					};
				};
			};
			buildConfigurationList = 1EE916C71CA8745900AE3EA2 /* Build configuration list for PBXProject "Short Straw" */;
			compatibilityVersion = "Xcode 3.2";
			developmentRegion = English;
			hasScannedForEncodings = 0;
			knownRegions = (
				en,
				Base,
			);
			mainGroup = 1EE916C31CA8745900AE3EA2;
			productRefGroup = 1EE916CD1CA8745900AE3EA2 /* Products */;
			projectDirPath = "";
			projectRoot = "";
			targets = (
				1EE916CB1CA8745900AE3EA2 /* Short Straw */,
			);
		};
/* End PBXProject section */

/* Begin PBXResourcesBuildPhase section */
		1EE916CA1CA8745900AE3EA2 /* Resources */ = {
			isa = PBXResourcesBuildPhase;
			buildActionMask = 2147483647;
			files = (
				1EE916DA1CA8745900AE3EA2 /* LaunchScreen.storyboard in Resources */,
				1EE916D71CA8745900AE3EA2 /* Assets.xcassets in Resources */,
				1EE916D51CA8745900AE3EA2 /* Main.storyboard in Resources */,
			);
			runOnlyForDeploymentPostprocessing = 0;
		};
/* End PBXResourcesBuildPhase section */

/* Begin PBXSourcesBuildPhase section */
		1EE916C81CA8745900AE3EA2 /* Sources */ = {
			isa = PBXSourcesBuildPhase;
			buildActionMask = 2147483647;
			files = (
				1EE916D21CA8745900AE3EA2 /* ViewController.swift in Sources */,
				1EE916D01CA8745900AE3EA2 /* AppDelegate.swift in Sources */,
			);
			runOnlyForDeploymentPostprocessing = 0;
		};
/* End PBXSourcesBuildPhase section */

/* Begin PBXVariantGroup section */
		1EE916D31CA8745900AE3EA2 /* Main.storyboard */ = {
			isa = PBXVariantGroup;
			children = (
				1EE916D41CA8745900AE3EA2 /* Base */,
			);
			name = Main.storyboard;
			sourceTree = "<group>";
		};
		1EE916D81CA8745900AE3EA2 /* LaunchScreen.storyboard */ = {
			isa = PBXVariantGroup;
			children = (
				1EE916D91CA8745900AE3EA2 /* Base */,
			);
			name = LaunchScreen.storyboard;
			sourceTree = "<group>";
		};
/* End PBXVariantGroup section */

/* Begin XCBuildConfiguration section */
		1EE916DC1CA8745900AE3EA2 /* Debug */ = {
			isa = XCBuildConfiguration;
			buildSettings = {
				ALWAYS_SEARCH_USER_PATHS = NO;
				CLANG_ANALYZER_NONNULL = YES;
				CLANG_CXX_LANGUAGE_STANDARD = "gnu++0x";
				CLANG_CXX_LIBRARY = "libc++";
				CLANG_ENABLE_MODULES = YES;
				CLANG_ENABLE_OBJC_ARC = YES;
				CLANG_WARN_BOOL_CONVERSION = YES;
				CLANG_WARN_CONSTANT_CONVERSION = YES;
				CLANG_WARN_DIRECT_OBJC_ISA_USAGE = YES_ERROR;
				CLANG_WARN_EMPTY_BODY = YES;
				CLANG_WARN_ENUM_CONVERSION = YES;
				CLANG_WARN_INT_CONVERSION = YES;
				CLANG_WARN_OBJC_ROOT_CLASS = YES_ERROR;
				CLANG_WARN_UNREACHABLE_CODE = YES;
				CLANG_WARN__DUPLICATE_METHOD_MATCH = YES;
				"CODE_SIGN_IDENTITY[sdk=iphoneos*]" = "iPhone Developer";
				COPY_PHASE_STRIP = NO;
				DEBUG_INFORMATION_FORMAT = dwarf;
				ENABLE_STRICT_OBJC_MSGSEND = YES;
				ENABLE_TESTABILITY = YES;
				GCC_C_LANGUAGE_STANDARD = gnu99;
				GCC_DYNAMIC_NO_PIC = NO;
				GCC_NO_COMMON_BLOCKS = YES;
				GCC_OPTIMIZATION_LEVEL = 0;
				GCC_PREPROCESSOR_DEFINITIONS = (
					"DEBUG=1",
					"$(inherited)",
				);
				GCC_WARN_64_TO_32_BIT_CONVERSION = YES;
				GCC_WARN_ABOUT_RETURN_TYPE = YES_ERROR;
				GCC_WARN_UNDECLARED_SELECTOR = YES;
				GCC_WARN_UNINITIALIZED_AUTOS = YES_AGGRESSIVE;
				GCC_WARN_UNUSED_FUNCTION = YES;
				GCC_WARN_UNUSED_VARIABLE = YES;
				IPHONEOS_DEPLOYMENT_TARGET = 9.3;
				MTL_ENABLE_DEBUG_INFO = YES;
				ONLY_ACTIVE_ARCH = YES;
				SDKROOT = iphoneos;
				SWIFT_OPTIMIZATION_LEVEL = "-Onone";
				TARGETED_DEVICE_FAMILY = "1,2";
			};
			name = Debug;
		};
		1EE916DD1CA8745900AE3EA2 /* Release */ = {
			isa = XCBuildConfiguration;
			buildSettings = {
				ALWAYS_SEARCH_USER_PATHS = NO;
				CLANG_ANALYZER_NONNULL = YES;
				CLANG_CXX_LANGUAGE_STANDARD = "gnu++0x";
				CLANG_CXX_LIBRARY = "libc++";
				CLANG_ENABLE_MODULES = YES;
				CLANG_ENABLE_OBJC_ARC = YES;
				CLANG_WARN_BOOL_CONVERSION = YES;
				CLANG_WARN_CONSTANT_CONVERSION = YES;
				CLANG_WARN_DIRECT_OBJC_ISA_USAGE = YES_ERROR;
				CLANG_WARN_EMPTY_BODY = YES;
				CLANG_WARN_ENUM_CONVERSION = YES;
				CLANG_WARN_INT_CONVERSION = YES;
				CLANG_WARN_OBJC_ROOT_CLASS = YES_ERROR;
				CLANG_WARN_UNREACHABLE_CODE = YES;
				CLANG_WARN__DUPLICATE_METHOD_MATCH = YES;
				"CODE_SIGN_IDENTITY[sdk=iphoneos*]" = "iPhone Developer";
				COPY_PHASE_STRIP = NO;
				DEBUG_INFORMATION_FORMAT = "dwarf-with-dsym";
				ENABLE_NS_ASSERTIONS = NO;
				ENABLE_STRICT_OBJC_MSGSEND = YES;
				GCC_C_LANGUAGE_STANDARD = gnu99;
				GCC_NO_COMMON_BLOCKS = YES;
				GCC_WARN_64_TO_32_BIT_CONVERSION = YES;
				GCC_WARN_ABOUT_RETURN_TYPE = YES_ERROR;
				GCC_WARN_UNDECLARED_SELECTOR = YES;
				GCC_WARN_UNINITIALIZED_AUTOS = YES_AGGRESSIVE;
				GCC_WARN_UNUSED_FUNCTION = YES;
				GCC_WARN_UNUSED_VARIABLE = YES;
				IPHONEOS_DEPLOYMENT_TARGET = 9.3;
				MTL_ENABLE_DEBUG_INFO = NO;
				SDKROOT = iphoneos;
				TARGETED_DEVICE_FAMILY = "1,2";
				VALIDATE_PRODUCT = YES;
			};
			name = Release;
		};
		1EE916DF1CA8745900AE3EA2 /* Debug */ = {
			isa = XCBuildConfiguration;
			buildSettings = {
				ASSETCATALOG_COMPILER_APPICON_NAME = AppIcon;
				INFOPLIST_FILE = "Short Straw/Info.plist";
				LD_RUNPATH_SEARCH_PATHS = "$(inherited) @executable_path/Frameworks";
				PRODUCT_BUNDLE_IDENTIFIER = "RainCityCode.Short-Straw";
				PRODUCT_NAME = "$(TARGET_NAME)";
			};
			name = Debug;
		};
		1EE916E01CA8745900AE3EA2 /* Release */ = {
			isa = XCBuildConfiguration;
			buildSettings = {
				ASSETCATALOG_COMPILER_APPICON_NAME = AppIcon;
				INFOPLIST_FILE = "Short Straw/Info.plist";
				LD_RUNPATH_SEARCH_PATHS = "$(inherited) @executable_path/Frameworks";
				PRODUCT_BUNDLE_IDENTIFIER = "RainCityCode.Short-Straw";
				PRODUCT_NAME = "$(TARGET_NAME)";
			};
			name = Release;
		};
/* End XCBuildConfiguration section */

/* Begin XCConfigurationList section */
		1EE916C71CA8745900AE3EA2 /* Build configuration list for PBXProject "Short Straw" */ = {
			isa = XCConfigurationList;
			buildConfigurations = (
				1EE916DC1CA8745900AE3EA2 /* Debug */,
				1EE916DD1CA8745900AE3EA2 /* Release */,
			);
			defaultConfigurationIsVisible = 0;
			defaultConfigurationName = Release;
		};
		1EE916DE1CA8745900AE3EA2 /* Build configuration list for PBXNativeTarget "Short Straw" */ = {
			isa = XCConfigurationList;
			buildConfigurations = (
				1EE916DF1CA8745900AE3EA2 /* Debug */,
				1EE916E01CA8745900AE3EA2 /* Release */,
			);
			defaultConfigurationIsVisible = 0;
		};
/* End XCConfigurationList section */
	};
	rootObject = 1EE916C41CA8745900AE3EA2 /* Project object */;
}
